<?xml version="1.0" encoding="utf-8"?>
<Project ToolsVersion="4.0" xmlns="http://schemas.microsoft.com/developer/msbuild/2003">
  <ItemGroup>
    <Filter Include="Source Files">
      <UniqueIdentifier>{4FC737F1-C7A5-4376-A066-2A32D752A2FF}</UniqueIdentifier>
      <Extensions>cpp;c;cc;cxx;c++;cppm;ixx;def;odl;idl;hpj;bat;asm;asmx</Extensions>
    </Filter>
    <Filter Include="Header Files">
      <UniqueIdentifier>{93995380-89BD-4b04-88EB-625FBE52EBFB}</UniqueIdentifier>
      <Extensions>h;hh;hpp;hxx;h++;hm;inl;inc;ipp;xsd</Extensions>
    </Filter>
    <Filter Include="Resource Files">
      <UniqueIdentifier>{67DA6AB6-F800-4c08-8B7A-83BB121AAD01}</UniqueIdentifier>
      <Extensions>rc;ico;cur;bmp;dlg;rc2;rct;bin;rgs;gif;jpg;jpeg;jpe;resx;tiff;tif;png;wav;mfcribbon-ms</Extensions>
    </Filter>
    <Filter Include="utils">
      <UniqueIdentifier>{998e3a95-eabd-4952-a05a-fc1b539dd815}</UniqueIdentifier>
    </Filter>
    <Filter Include="message">
      <UniqueIdentifier>{b24e03c5-a6e5-411d-ad6e-636251e4e74e}</UniqueIdentifier>
    </Filter>
    <Filter Include="network">
      <UniqueIdentifier>{1af8dd01-9a55-4da4-a65d-a0c7d99242df}</UniqueIdentifier>
    </Filter>
    <Filter Include="dispatch">
      <UniqueIdentifier>{09bc84ac-ec42-4f29-a0ae-e168189a994d}</UniqueIdentifier>
    </Filter>
  </ItemGroup>
  <ItemGroup>
    <ClCompile Include="BaseMessage.cpp">
      <Filter>message</Filter>
    </ClCompile>
    <ClCompile Include="Buffer.cpp">
      <Filter>utils</Filter>
    </ClCompile>
    <ClCompile Include="GameConnection.cpp">
      <Filter>network</Filter>
    </ClCompile>
    <ClCompile Include="GameServer.cpp">
      <Filter>network</Filter>
    </ClCompile>
    <ClCompile Include="TcpConnection.cpp">
      <Filter>network</Filter>
    </ClCompile>
    <ClCompile Include="MsgThread.cpp">
      <Filter>dispatch</Filter>
    </ClCompile>
    <ClCompile Include="MsgDispatcher.cpp">
      <Filter>dispatch</Filter>
    </ClCompile>
  </ItemGroup>
  <ItemGroup>
    <ClInclude Include="MessageUtils.h">
      <Filter>message</Filter>
    </ClInclude>
    <ClInclude Include="BaseMessage.h">
      <Filter>message</Filter>
    </ClInclude>
    <ClInclude Include="ControlMessage.h">
      <Filter>message</Filter>
    </ClInclude>
    <ClInclude Include="Buffer.h">
      <Filter>utils</Filter>
    </ClInclude>
    <ClInclude Include="ByteOrder.h">
      <Filter>utils</Filter>
    </ClInclude>
    <ClInclude Include="AsioServer.h">
      <Filter>network</Filter>
    </ClInclude>
    <ClInclude Include="GameConnection.h">
      <Filter>network</Filter>
    </ClInclude>
    <ClInclude Include="GameServer.h">
      <Filter>network</Filter>
    </ClInclude>
    <ClInclude Include="TcpConnection.h">
      <Filter>network</Filter>
    </ClInclude>
    <ClInclude Include="ThreadSafeQueue.h">
      <Filter>utils</Filter>
    </ClInclude>
    <ClInclude Include="NetworkCommon.h">
      <Filter>network</Filter>
    </ClInclude>
    <ClInclude Include="Messages.h">
      <Filter>message</Filter>
    </ClInclude>
    <ClInclude Include="MsgThread.h">
      <Filter>dispatch</Filter>
    </ClInclude>
    <ClInclude Include="MsgDispatcher.h">
      <Filter>dispatch</Filter>
    </ClInclude>
    <ClInclude Include="PlayerInitMessage.h">
      <Filter>message</Filter>
    </ClInclude>
  </ItemGroup>
</Project>